
Microsoft Visual Studio Solution File, Format Version 12.00
# Visual Studio Version 17
VisualStudioVersion = 17.0.31919.166
MinimumVisualStudioVersion = 10.0.40219.1
Project("{FAE04EC0-301F-11D3-BF4B-00C04F79EFBC}") = "FuncFromDependency", "FuncFromDependency\FuncFromDependency.csproj", "{0EA87F29-4F9A-46BF-AEBF-41CD222E4D59}"
EndProject
Project("{FAE04EC0-301F-11D3-BF4B-00C04F79EFBC}") = "DependencyFunc", "DependencyFunc\DependencyFunc.csproj", "{7422F23C-2697-47EC-B952-E99E426F6DAD}"
EndProject
Global
	GlobalSection(SolutionConfigurationPlatforms) = preSolution
		Debug|Any CPU = Debug|Any CPU
		Release|Any CPU = Release|Any CPU
	EndGlobalSection
	GlobalSection(ProjectConfigurationPlatforms) = postSolution
		{0EA87F29-4F9A-46BF-AEBF-41CD222E4D59}.Debug|Any CPU.ActiveCfg = Debug|Any CPU
		{0EA87F29-4F9A-46BF-AEBF-41CD222E4D59}.Debug|Any CPU.Build.0 = Debug|Any CPU
		{0EA87F29-4F9A-46BF-AEBF-41CD222E4D59}.Release|Any CPU.ActiveCfg = Release|Any CPU
		{0EA87F29-4F9A-46BF-AEBF-41CD222E4D59}.Release|Any CPU.Build.0 = Release|Any CPU
		{7422F23C-2697-47EC-B952-E99E426F6DAD}.Debug|Any CPU.ActiveCfg = Debug|Any CPU
		{7422F23C-2697-47EC-B952-E99E426F6DAD}.Debug|Any CPU.Build.0 = Debug|Any CPU
		{7422F23C-2697-47EC-B952-E99E426F6DAD}.Release|Any CPU.ActiveCfg = Release|Any CPU
		{7422F23C-2697-47EC-B952-E99E426F6DAD}.Release|Any CPU.Build.0 = Release|Any CPU
	EndGlobalSection
	GlobalSection(SolutionProperties) = preSolution
		HideSolutionNode = FALSE
	EndGlobalSection
	GlobalSection(ExtensibilityGlobals) = postSolution
		SolutionGuid = {DCA02B3D-BD47-4E02-8201-54B6F0403FF0}
	EndGlobalSection
EndGlobal
